
Microsoft Visual Studio Solution File, Format Version 12.00
# Visual Studio Version 17
VisualStudioVersion = 17.9.34607.119
MinimumVisualStudioVersion = 10.0.40219.1
Project("{2150E333-8FDC-42A3-9474-1A3956D46DE8}") = "Test", "Test", "{9388ACB1-B804-4DFE-AA41-ECF86196B303}"
EndProject
Project("{2150E333-8FDC-42A3-9474-1A3956D46DE8}") = "src", "src", "{21B7920C-4C79-425C-BBE2-3753CDB09DC9}"
EndProject
Project("{2150E333-8FDC-42A3-9474-1A3956D46DE8}") = "Infrastructure", "Infrastructure", "{84FD6272-0742-40F5-95F1-63918952E4DE}"
EndProject
Project("{2150E333-8FDC-42A3-9474-1A3956D46DE8}") = "Core", "Core", "{D838EFAA-01E9-4339-9975-64721043B542}"
EndProject
Project("{2150E333-8FDC-42A3-9474-1A3956D46DE8}") = "API", "API", "{1DF8C453-AF1D-438C-9D9F-3BBDCFD40049}"
EndProject
Project("{2150E333-8FDC-42A3-9474-1A3956D46DE8}") = "UI", "UI", "{F0FFA7E7-B6FD-43DA-9EA6-FA5173246927}"
EndProject
Project("{9A19103F-16F7-4668-BE54-9A1E7A4F7556}") = "HR.LeaveManagement.Domain", "HR.LeaveManagement.Domain\HR.LeaveManagement.Domain.csproj", "{AB2381A1-7ED1-4F8C-8806-D2CDFBBFE00C}"
EndProject
Project("{9A19103F-16F7-4668-BE54-9A1E7A4F7556}") = "HR.LeaveManagement.Application", "HR.LeaveManagement.Application\HR.LeaveManagement.Application.csproj", "{40B7AEE3-91D2-4A89-A8D0-CDE389EA0C60}"
EndProject
Project("{9A19103F-16F7-4668-BE54-9A1E7A4F7556}") = "HR.LeaveManagement.Persistence", "HR.LeaveManagement.Persistence\HR.LeaveManagement.Persistence.csproj", "{FED81498-7F3E-4E06-81BF-88D3C95452F7}"
EndProject
Project("{9A19103F-16F7-4668-BE54-9A1E7A4F7556}") = "HR.LeaveManagement.Infrastructure", "HR.LeaveManagement.Infrastructure\HR.LeaveManagement.Infrastructure.csproj", "{F9DD4550-8C5C-4E4D-A4F1-CD6FBE3BF384}"
EndProject
Project("{9A19103F-16F7-4668-BE54-9A1E7A4F7556}") = "HR.LeaveManagement.Api", "HR.LeaveManagement.Api\HR.LeaveManagement.Api.csproj", "{94C751AD-E41C-4855-B768-04111C19D08D}"
EndProject
Project("{9A19103F-16F7-4668-BE54-9A1E7A4F7556}") = "HR.LeaveManagement.Application.UnitTests", "HR.LeaveManagement.Application.UnitTests\HR.LeaveManagement.Application.UnitTests.csproj", "{AD03BDC3-0BAA-4242-9C78-5F38FE5C27AD}"
EndProject
Project("{9A19103F-16F7-4668-BE54-9A1E7A4F7556}") = "HR.LeaveManagement.Persistence.IntegrationTests", "HR.LeaveManagement.Persistence.IntegrationTests\HR.LeaveManagement.Persistence.IntegrationTests.csproj", "{F23E9D0B-358B-4806-958D-CEF00DD9DE84}"
EndProject
Project("{2150E333-8FDC-42A3-9474-1A3956D46DE8}") = "ApiGeteway", "ApiGeteway", "{5F3BC062-A62F-45BA-81A0-B47F764CFEAA}"
EndProject
Project("{FAE04EC0-301F-11D3-BF4B-00C04F79EFBC}") = "OcelotApiGeteway", "OcelotApiGeteway\OcelotApiGeteway.csproj", "{486F5663-D0FE-4C40-824B-670C417914EA}"
EndProject
Global
	GlobalSection(SolutionConfigurationPlatforms) = preSolution
		Debug|Any CPU = Debug|Any CPU
		Release|Any CPU = Release|Any CPU
	EndGlobalSection
	GlobalSection(ProjectConfigurationPlatforms) = postSolution
		{AB2381A1-7ED1-4F8C-8806-D2CDFBBFE00C}.Debug|Any CPU.ActiveCfg = Debug|Any CPU
		{AB2381A1-7ED1-4F8C-8806-D2CDFBBFE00C}.Debug|Any CPU.Build.0 = Debug|Any CPU
		{AB2381A1-7ED1-4F8C-8806-D2CDFBBFE00C}.Release|Any CPU.ActiveCfg = Release|Any CPU
		{AB2381A1-7ED1-4F8C-8806-D2CDFBBFE00C}.Release|Any CPU.Build.0 = Release|Any CPU
		{40B7AEE3-91D2-4A89-A8D0-CDE389EA0C60}.Debug|Any CPU.ActiveCfg = Debug|Any CPU
		{40B7AEE3-91D2-4A89-A8D0-CDE389EA0C60}.Debug|Any CPU.Build.0 = Debug|Any CPU
		{40B7AEE3-91D2-4A89-A8D0-CDE389EA0C60}.Release|Any CPU.ActiveCfg = Release|Any CPU
		{40B7AEE3-91D2-4A89-A8D0-CDE389EA0C60}.Release|Any CPU.Build.0 = Release|Any CPU
		{FED81498-7F3E-4E06-81BF-88D3C95452F7}.Debug|Any CPU.ActiveCfg = Debug|Any CPU
		{FED81498-7F3E-4E06-81BF-88D3C95452F7}.Debug|Any CPU.Build.0 = Debug|Any CPU
		{FED81498-7F3E-4E06-81BF-88D3C95452F7}.Release|Any CPU.ActiveCfg = Release|Any CPU
		{FED81498-7F3E-4E06-81BF-88D3C95452F7}.Release|Any CPU.Build.0 = Release|Any CPU
		{F9DD4550-8C5C-4E4D-A4F1-CD6FBE3BF384}.Debug|Any CPU.ActiveCfg = Debug|Any CPU
		{F9DD4550-8C5C-4E4D-A4F1-CD6FBE3BF384}.Debug|Any CPU.Build.0 = Debug|Any CPU
		{F9DD4550-8C5C-4E4D-A4F1-CD6FBE3BF384}.Release|Any CPU.ActiveCfg = Release|Any CPU
		{F9DD4550-8C5C-4E4D-A4F1-CD6FBE3BF384}.Release|Any CPU.Build.0 = Release|Any CPU
		{94C751AD-E41C-4855-B768-04111C19D08D}.Debug|Any CPU.ActiveCfg = Debug|Any CPU
		{94C751AD-E41C-4855-B768-04111C19D08D}.Debug|Any CPU.Build.0 = Debug|Any CPU
		{94C751AD-E41C-4855-B768-04111C19D08D}.Release|Any CPU.ActiveCfg = Release|Any CPU
		{94C751AD-E41C-4855-B768-04111C19D08D}.Release|Any CPU.Build.0 = Release|Any CPU
		{AD03BDC3-0BAA-4242-9C78-5F38FE5C27AD}.Debug|Any CPU.ActiveCfg = Debug|Any CPU
		{AD03BDC3-0BAA-4242-9C78-5F38FE5C27AD}.Debug|Any CPU.Build.0 = Debug|Any CPU
		{AD03BDC3-0BAA-4242-9C78-5F38FE5C27AD}.Release|Any CPU.ActiveCfg = Release|Any CPU
		{AD03BDC3-0BAA-4242-9C78-5F38FE5C27AD}.Release|Any CPU.Build.0 = Release|Any CPU
		{F23E9D0B-358B-4806-958D-CEF00DD9DE84}.Debug|Any CPU.ActiveCfg = Debug|Any CPU
		{F23E9D0B-358B-4806-958D-CEF00DD9DE84}.Debug|Any CPU.Build.0 = Debug|Any CPU
		{F23E9D0B-358B-4806-958D-CEF00DD9DE84}.Release|Any CPU.ActiveCfg = Release|Any CPU
		{F23E9D0B-358B-4806-958D-CEF00DD9DE84}.Release|Any CPU.Build.0 = Release|Any CPU
		{486F5663-D0FE-4C40-824B-670C417914EA}.Debug|Any CPU.ActiveCfg = Debug|Any CPU
		{486F5663-D0FE-4C40-824B-670C417914EA}.Debug|Any CPU.Build.0 = Debug|Any CPU
		{486F5663-D0FE-4C40-824B-670C417914EA}.Release|Any CPU.ActiveCfg = Release|Any CPU
		{486F5663-D0FE-4C40-824B-670C417914EA}.Release|Any CPU.Build.0 = Release|Any CPU
	EndGlobalSection
	GlobalSection(SolutionProperties) = preSolution
		HideSolutionNode = FALSE
	EndGlobalSection
	GlobalSection(NestedProjects) = preSolution
		{84FD6272-0742-40F5-95F1-63918952E4DE} = {21B7920C-4C79-425C-BBE2-3753CDB09DC9}
		{D838EFAA-01E9-4339-9975-64721043B542} = {21B7920C-4C79-425C-BBE2-3753CDB09DC9}
		{1DF8C453-AF1D-438C-9D9F-3BBDCFD40049} = {21B7920C-4C79-425C-BBE2-3753CDB09DC9}
		{F0FFA7E7-B6FD-43DA-9EA6-FA5173246927} = {21B7920C-4C79-425C-BBE2-3753CDB09DC9}
		{AB2381A1-7ED1-4F8C-8806-D2CDFBBFE00C} = {D838EFAA-01E9-4339-9975-64721043B542}
		{40B7AEE3-91D2-4A89-A8D0-CDE389EA0C60} = {D838EFAA-01E9-4339-9975-64721043B542}
		{FED81498-7F3E-4E06-81BF-88D3C95452F7} = {84FD6272-0742-40F5-95F1-63918952E4DE}
		{F9DD4550-8C5C-4E4D-A4F1-CD6FBE3BF384} = {84FD6272-0742-40F5-95F1-63918952E4DE}
		{94C751AD-E41C-4855-B768-04111C19D08D} = {1DF8C453-AF1D-438C-9D9F-3BBDCFD40049}
		{AD03BDC3-0BAA-4242-9C78-5F38FE5C27AD} = {9388ACB1-B804-4DFE-AA41-ECF86196B303}
		{F23E9D0B-358B-4806-958D-CEF00DD9DE84} = {9388ACB1-B804-4DFE-AA41-ECF86196B303}
		{486F5663-D0FE-4C40-824B-670C417914EA} = {5F3BC062-A62F-45BA-81A0-B47F764CFEAA}
	EndGlobalSection
	GlobalSection(ExtensibilityGlobals) = postSolution
		SolutionGuid = {DDF83D27-98E8-4E4D-A549-5170FCC6061D}
	EndGlobalSection
EndGlobal
